
Microsoft Visual Studio Solution File, Format Version 12.00
# Visual Studio Version 17
VisualStudioVersion = 17.3.32901.215
MinimumVisualStudioVersion = 10.0.40219.1
Project("{FAE04EC0-301F-11D3-BF4B-00C04F79EFBC}") = "CSbevezeto", "CSbevezeto\CSbevezeto.csproj", "{52F27B3F-DF95-488E-8865-134C4470588B}"
EndProject
Global
	GlobalSection(SolutionConfigurationPlatforms) = preSolution
		Debug|Any CPU = Debug|Any CPU
		Release|Any CPU = Release|Any CPU
	EndGlobalSection
	GlobalSection(ProjectConfigurationPlatforms) = postSolution
		{52F27B3F-DF95-488E-8865-134C4470588B}.Debug|Any CPU.ActiveCfg = Debug|Any CPU
		{52F27B3F-DF95-488E-8865-134C4470588B}.Debug|Any CPU.Build.0 = Debug|Any CPU
		{52F27B3F-DF95-488E-8865-134C4470588B}.Release|Any CPU.ActiveCfg = Release|Any CPU
		{52F27B3F-DF95-488E-8865-134C4470588B}.Release|Any CPU.Build.0 = Release|Any CPU
	EndGlobalSection
	GlobalSection(SolutionProperties) = preSolution
		HideSolutionNode = FALSE
	EndGlobalSection
	GlobalSection(ExtensibilityGlobals) = postSolution
		SolutionGuid = {98D6869D-3BE5-4838-BBFE-5463B00814D8}
	EndGlobalSection
EndGlobal
